{
    "name": "legionary",
    "version": "2.0.0",
    "lockfileVersion": 3,
    "requires": true,
    "packages": {
        "": {
            "name": "legionary",
            "version": "2.0.0",
            "license": "ISC",
            "dependencies": {
                "@discordjs/builders": "^0.5.0",
                "@discordjs/rest": "^0.1.0-canary.0",
                "canvas": "^2.11.0",
                "discord-api-types": "^0.22.0",
                "discord.js": "^13.6.0",
                "dotenv": "^16.0.3",
                "fs": "0.0.1-security",
                "node-cron": "^3.0.0",
                "node-fetch": "^2.6.1",
                "openweather-apis": "^4.4.1",
                "pet-pet-gif": "^1.0.8"
            }
        },
        "node_modules/@discordjs/builders": {
            "version": "0.5.0",
            "license": "Apache-2.0",
            "dependencies": {
                "@sindresorhus/is": "^4.0.1",
                "discord-api-types": "^0.22.0",
                "ow": "^0.27.0",
                "ts-mixer": "^6.0.0",
                "tslib": "^2.3.0"
            },
            "engines": {
                "node": ">=14.0.0",
                "npm": ">=7.0.0"
            }
        },
        "node_modules/@discordjs/builders/node_modules/discord-api-types": {
            "version": "0.26.1",
            "license": "MIT",
            "engines": {
                "node": ">=12"
            }
        },
        "node_modules/@discordjs/collection": {
            "version": "0.1.6",
            "license": "Apache-2.0"
        },
        "node_modules/@discordjs/rest": {
            "version": "0.1.0-canary.0",
            "license": "Apache-2.0",
            "dependencies": {
                "@discordjs/collection": "^0.1.6",
                "@sapphire/async-queue": "^1.1.4",
                "@sapphire/snowflake": "^1.3.5",
                "abort-controller": "^3.0.0",
                "discord-api-types": "^0.18.1",
                "form-data": "^4.0.0",
                "node-fetch": "^2.6.1",
                "tslib": "^2.3.0"
            },
            "engines": {
                "node": ">=16.0.0"
            }
        },
        "node_modules/@discordjs/rest/node_modules/discord-api-types": {
            "version": "0.18.1",
            "license": "MIT",
            "engines": {
                "node": ">=12"
            }
        },
        "node_modules/@mapbox/node-pre-gyp": {
            "version": "1.0.5",
            "license": "BSD-3-Clause",
            "dependencies": {
                "detect-libc": "^1.0.3",
                "https-proxy-agent": "^5.0.0",
                "make-dir": "^3.1.0",
                "node-fetch": "^2.6.1",
                "nopt": "^5.0.0",
                "npmlog": "^4.1.2",
                "rimraf": "^3.0.2",
                "semver": "^7.3.4",
                "tar": "^6.1.0"
            },
            "bin": {
                "node-pre-gyp": "bin/node-pre-gyp"
            }
        },
        "node_modules/@sapphire/async-queue": {
            "version": "1.1.9",
            "license": "MIT",
            "engines": {
                "node": ">=v14.0.0",
                "npm": ">=7.0.0"
            }
        },
        "node_modules/@sapphire/snowflake": {
            "version": "1.3.6",
            "license": "MIT",
            "engines": {
                "node": ">=12",
                "npm": ">=6"
            }
        },
        "node_modules/@sindresorhus/is": {
            "version": "4.2.1",
            "license": "MIT",
            "engines": {
                "node": ">=10"
            },
            "funding": {
                "url": "https://github.com/sindresorhus/is?sponsor=1"
            }
        },
        "node_modules/@types/node": {
            "version": "17.0.12",
            "license": "MIT"
        },
        "node_modules/@types/node-fetch": {
            "version": "2.5.12",
            "license": "MIT",
            "dependencies": {
                "@types/node": "*",
                "form-data": "^3.0.0"
            }
        },
        "node_modules/@types/node-fetch/node_modules/form-data": {
            "version": "3.0.1",
            "license": "MIT",
            "dependencies": {
                "asynckit": "^0.4.0",
                "combined-stream": "^1.0.8",
                "mime-types": "^2.1.12"
            },
            "engines": {
                "node": ">= 6"
            }
        },
        "node_modules/@types/ws": {
            "version": "8.2.2",
            "license": "MIT",
            "dependencies": {
                "@types/node": "*"
            }
        },
        "node_modules/abbrev": {
            "version": "1.1.1",
            "license": "ISC"
        },
        "node_modules/abort-controller": {
            "version": "3.0.0",
            "license": "MIT",
            "dependencies": {
                "event-target-shim": "^5.0.0"
            },
            "engines": {
                "node": ">=6.5"
            }
        },
        "node_modules/agent-base": {
            "version": "6.0.2",
            "license": "MIT",
            "dependencies": {
                "debug": "4"
            },
            "engines": {
                "node": ">= 6.0.0"
            }
        },
        "node_modules/ansi-regex": {
            "version": "2.1.1",
            "license": "MIT",
            "engines": {
                "node": ">=0.10.0"
            }
        },
        "node_modules/aproba": {
            "version": "1.2.0",
            "license": "ISC"
        },
        "node_modules/are-we-there-yet": {
            "version": "1.1.5",
            "license": "ISC",
            "dependencies": {
                "delegates": "^1.0.0",
                "readable-stream": "^2.0.6"
            }
        },
        "node_modules/asynckit": {
            "version": "0.4.0",
            "license": "MIT"
        },
        "node_modules/balanced-match": {
            "version": "1.0.2",
            "license": "MIT"
        },
        "node_modules/brace-expansion": {
            "version": "1.1.11",
            "license": "MIT",
            "dependencies": {
                "balanced-match": "^1.0.0",
                "concat-map": "0.0.1"
            }
        },
        "node_modules/callsites": {
            "version": "3.1.0",
            "license": "MIT",
            "engines": {
                "node": ">=6"
            }
        },
        "node_modules/canvas": {
            "version": "2.11.0",
            "resolved": "https://registry.npmjs.org/canvas/-/canvas-2.11.0.tgz",
            "integrity": "sha512-bdTjFexjKJEwtIo0oRx8eD4G2yWoUOXP9lj279jmQ2zMnTQhT8C3512OKz3s+ZOaQlLbE7TuVvRDYDB3Llyy5g==",
            "hasInstallScript": true,
            "dependencies": {
                "@mapbox/node-pre-gyp": "^1.0.0",
                "nan": "^2.17.0",
                "simple-get": "^3.0.3"
            },
            "engines": {
                "node": ">=6"
            }
        },
        "node_modules/chownr": {
            "version": "2.0.0",
            "license": "ISC",
            "engines": {
                "node": ">=10"
            }
        },
        "node_modules/code-point-at": {
            "version": "1.1.0",
            "license": "MIT",
            "engines": {
                "node": ">=0.10.0"
            }
        },
        "node_modules/combined-stream": {
            "version": "1.0.8",
            "license": "MIT",
            "dependencies": {
                "delayed-stream": "~1.0.0"
            },
            "engines": {
                "node": ">= 0.8"
            }
        },
        "node_modules/concat-map": {
            "version": "0.0.1",
            "license": "MIT"
        },
        "node_modules/console-control-strings": {
            "version": "1.1.0",
            "license": "ISC"
        },
        "node_modules/core-util-is": {
            "version": "1.0.2",
            "license": "MIT"
        },
        "node_modules/debug": {
            "version": "4.3.2",
            "license": "MIT",
            "dependencies": {
                "ms": "2.1.2"
            },
            "engines": {
                "node": ">=6.0"
            },
            "peerDependenciesMeta": {
                "supports-color": {
                    "optional": true
                }
            }
        },
        "node_modules/decompress-response": {
            "version": "4.2.1",
            "license": "MIT",
            "dependencies": {
                "mimic-response": "^2.0.0"
            },
            "engines": {
                "node": ">=8"
            }
        },
        "node_modules/delayed-stream": {
            "version": "1.0.0",
            "license": "MIT",
            "engines": {
                "node": ">=0.4.0"
            }
        },
        "node_modules/delegates": {
            "version": "1.0.0",
            "license": "MIT"
        },
        "node_modules/detect-libc": {
            "version": "1.0.3",
            "license": "Apache-2.0",
            "bin": {
                "detect-libc": "bin/detect-libc.js"
            },
            "engines": {
                "node": ">=0.10"
            }
        },
        "node_modules/discord-api-types": {
            "version": "0.22.0",
            "license": "MIT",
            "engines": {
                "node": ">=12"
            }
        },
        "node_modules/discord.js": {
            "version": "13.6.0",
            "license": "Apache-2.0",
            "dependencies": {
                "@discordjs/builders": "^0.11.0",
                "@discordjs/collection": "^0.4.0",
                "@sapphire/async-queue": "^1.1.9",
                "@types/node-fetch": "^2.5.12",
                "@types/ws": "^8.2.2",
                "discord-api-types": "^0.26.0",
                "form-data": "^4.0.0",
                "node-fetch": "^2.6.1",
                "ws": "^8.4.0"
            },
            "engines": {
                "node": ">=16.6.0",
                "npm": ">=7.0.0"
            }
        },
        "node_modules/discord.js/node_modules/@discordjs/builders": {
            "version": "0.11.0",
            "license": "Apache-2.0",
            "dependencies": {
                "@sindresorhus/is": "^4.2.0",
                "discord-api-types": "^0.26.0",
                "ts-mixer": "^6.0.0",
                "tslib": "^2.3.1",
                "zod": "^3.11.6"
            },
            "engines": {
                "node": ">=16.0.0",
                "npm": ">=7.0.0"
            }
        },
        "node_modules/discord.js/node_modules/@discordjs/collection": {
            "version": "0.4.0",
            "license": "Apache-2.0",
            "engines": {
                "node": ">=16.0.0",
                "npm": ">=7.0.0"
            }
        },
        "node_modules/discord.js/node_modules/discord-api-types": {
            "version": "0.26.1",
            "license": "MIT",
            "engines": {
                "node": ">=12"
            }
        },
        "node_modules/discord.js/node_modules/ws": {
            "version": "8.4.2",
            "license": "MIT",
            "engines": {
                "node": ">=10.0.0"
            },
            "peerDependencies": {
                "bufferutil": "^4.0.1",
                "utf-8-validate": "^5.0.2"
            },
            "peerDependenciesMeta": {
                "bufferutil": {
                    "optional": true
                },
                "utf-8-validate": {
                    "optional": true
                }
            }
        },
        "node_modules/dot-prop": {
            "version": "6.0.1",
            "license": "MIT",
            "dependencies": {
                "is-obj": "^2.0.0"
            },
            "engines": {
                "node": ">=10"
            },
            "funding": {
                "url": "https://github.com/sponsors/sindresorhus"
            }
        },
        "node_modules/dotenv": {
            "version": "16.0.3",
            "resolved": "https://registry.npmjs.org/dotenv/-/dotenv-16.0.3.tgz",
            "integrity": "sha512-7GO6HghkA5fYG9TYnNxi14/7K9f5occMlp3zXAuSxn7CKCxt9xbNWG7yF8hTCSUchlfWSe3uLmlPfigevRItzQ==",
            "engines": {
                "node": ">=12"
            }
        },
        "node_modules/event-target-shim": {
            "version": "5.0.1",
            "license": "MIT",
            "engines": {
                "node": ">=6"
            }
        },
        "node_modules/form-data": {
            "version": "4.0.0",
            "license": "MIT",
            "dependencies": {
                "asynckit": "^0.4.0",
                "combined-stream": "^1.0.8",
                "mime-types": "^2.1.12"
            },
            "engines": {
                "node": ">= 6"
            }
        },
        "node_modules/fs": {
            "version": "0.0.1-security",
            "license": "ISC"
        },
        "node_modules/fs-minipass": {
            "version": "2.1.0",
            "license": "ISC",
            "dependencies": {
                "minipass": "^3.0.0"
            },
            "engines": {
                "node": ">= 8"
            }
        },
        "node_modules/fs.realpath": {
            "version": "1.0.0",
            "license": "ISC"
        },
        "node_modules/gauge": {
            "version": "2.7.4",
            "license": "ISC",
            "dependencies": {
                "aproba": "^1.0.3",
                "console-control-strings": "^1.0.0",
                "has-unicode": "^2.0.0",
                "object-assign": "^4.1.0",
                "signal-exit": "^3.0.0",
                "string-width": "^1.0.1",
                "strip-ansi": "^3.0.1",
                "wide-align": "^1.1.0"
            }
        },
        "node_modules/gifencoder": {
            "version": "2.0.1",
            "license": "BSD-3-Clause",
            "dependencies": {
                "canvas": "^2.2.0"
            }
        },
        "node_modules/glob": {
            "version": "7.1.7",
            "license": "ISC",
            "dependencies": {
                "fs.realpath": "^1.0.0",
                "inflight": "^1.0.4",
                "inherits": "2",
                "minimatch": "^3.0.4",
                "once": "^1.3.0",
                "path-is-absolute": "^1.0.0"
            },
            "engines": {
                "node": "*"
            },
            "funding": {
                "url": "https://github.com/sponsors/isaacs"
            }
        },
        "node_modules/has-unicode": {
            "version": "2.0.1",
            "license": "ISC"
        },
        "node_modules/https-proxy-agent": {
            "version": "5.0.0",
            "license": "MIT",
            "dependencies": {
                "agent-base": "6",
                "debug": "4"
            },
            "engines": {
                "node": ">= 6"
            }
        },
        "node_modules/inflight": {
            "version": "1.0.6",
            "license": "ISC",
            "dependencies": {
                "once": "^1.3.0",
                "wrappy": "1"
            }
        },
        "node_modules/inherits": {
            "version": "2.0.4",
            "license": "ISC"
        },
        "node_modules/is-fullwidth-code-point": {
            "version": "1.0.0",
            "license": "MIT",
            "dependencies": {
                "number-is-nan": "^1.0.0"
            },
            "engines": {
                "node": ">=0.10.0"
            }
        },
        "node_modules/is-obj": {
            "version": "2.0.0",
            "license": "MIT",
            "engines": {
                "node": ">=8"
            }
        },
        "node_modules/isarray": {
            "version": "1.0.0",
            "license": "MIT"
        },
        "node_modules/lodash": {
            "version": "4.17.21",
            "license": "MIT"
        },
        "node_modules/lodash.isequal": {
            "version": "4.5.0",
            "license": "MIT"
        },
        "node_modules/lru-cache": {
            "version": "6.0.0",
            "license": "ISC",
            "dependencies": {
                "yallist": "^4.0.0"
            },
            "engines": {
                "node": ">=10"
            }
        },
        "node_modules/make-dir": {
            "version": "3.1.0",
            "license": "MIT",
            "dependencies": {
                "semver": "^6.0.0"
            },
            "engines": {
                "node": ">=8"
            },
            "funding": {
                "url": "https://github.com/sponsors/sindresorhus"
            }
        },
        "node_modules/make-dir/node_modules/semver": {
            "version": "6.3.0",
            "license": "ISC",
            "bin": {
                "semver": "bin/semver.js"
            }
        },
        "node_modules/mime-db": {
            "version": "1.48.0",
            "license": "MIT",
            "engines": {
                "node": ">= 0.6"
            }
        },
        "node_modules/mime-types": {
            "version": "2.1.31",
            "license": "MIT",
            "dependencies": {
                "mime-db": "1.48.0"
            },
            "engines": {
                "node": ">= 0.6"
            }
        },
        "node_modules/mimic-response": {
            "version": "2.1.0",
            "license": "MIT",
            "engines": {
                "node": ">=8"
            },
            "funding": {
                "url": "https://github.com/sponsors/sindresorhus"
            }
        },
        "node_modules/minimatch": {
            "version": "3.0.4",
            "license": "ISC",
            "dependencies": {
                "brace-expansion": "^1.1.7"
            },
            "engines": {
                "node": "*"
            }
        },
        "node_modules/minipass": {
            "version": "3.1.3",
            "license": "ISC",
            "dependencies": {
                "yallist": "^4.0.0"
            },
            "engines": {
                "node": ">=8"
            }
        },
        "node_modules/minizlib": {
            "version": "2.1.2",
            "license": "MIT",
            "dependencies": {
                "minipass": "^3.0.0",
                "yallist": "^4.0.0"
            },
            "engines": {
                "node": ">= 8"
            }
        },
        "node_modules/mkdirp": {
            "version": "1.0.4",
            "license": "MIT",
            "bin": {
                "mkdirp": "bin/cmd.js"
            },
            "engines": {
                "node": ">=10"
            }
        },
        "node_modules/moment": {
            "version": "2.29.1",
            "license": "MIT",
            "engines": {
                "node": "*"
            }
        },
        "node_modules/moment-timezone": {
            "version": "0.5.33",
            "license": "MIT",
            "dependencies": {
                "moment": ">= 2.9.0"
            },
            "engines": {
                "node": "*"
            }
        },
        "node_modules/ms": {
            "version": "2.1.2",
            "license": "MIT"
        },
        "node_modules/nan": {
            "version": "2.17.0",
            "resolved": "https://registry.npmjs.org/nan/-/nan-2.17.0.tgz",
            "integrity": "sha512-2ZTgtl0nJsO0KQCjEpxcIr5D+Yv90plTitZt9JBfQvVJDS5seMl3FOvsh3+9CoYWXf/1l5OaZzzF6nDm4cagaQ=="
        },
        "node_modules/node-cron": {
            "version": "3.0.0",
            "license": "ISC",
            "dependencies": {
                "moment-timezone": "^0.5.31"
            },
            "engines": {
                "node": ">=6.0.0"
            }
        },
        "node_modules/node-fetch": {
            "version": "2.6.1",
            "license": "MIT",
            "engines": {
                "node": "4.x || >=6.0.0"
            }
        },
        "node_modules/nopt": {
            "version": "5.0.0",
            "license": "ISC",
            "dependencies": {
                "abbrev": "1"
            },
            "bin": {
                "nopt": "bin/nopt.js"
            },
            "engines": {
                "node": ">=6"
            }
        },
        "node_modules/npmlog": {
            "version": "4.1.2",
            "license": "ISC",
            "dependencies": {
                "are-we-there-yet": "~1.1.2",
                "console-control-strings": "~1.1.0",
                "gauge": "~2.7.3",
                "set-blocking": "~2.0.0"
            }
        },
        "node_modules/number-is-nan": {
            "version": "1.0.1",
            "license": "MIT",
            "engines": {
                "node": ">=0.10.0"
            }
        },
        "node_modules/object-assign": {
            "version": "4.1.1",
            "license": "MIT",
            "engines": {
                "node": ">=0.10.0"
            }
        },
        "node_modules/once": {
            "version": "1.4.0",
            "license": "ISC",
            "dependencies": {
                "wrappy": "1"
            }
        },
        "node_modules/openweather-apis": {
            "version": "4.4.1",
            "license": "MIT"
        },
        "node_modules/ow": {
            "version": "0.27.0",
            "license": "MIT",
            "dependencies": {
                "@sindresorhus/is": "^4.0.1",
                "callsites": "^3.1.0",
                "dot-prop": "^6.0.1",
                "lodash.isequal": "^4.5.0",
                "type-fest": "^1.2.1",
                "vali-date": "^1.0.0"
            },
            "engines": {
                "node": ">=12"
            },
            "funding": {
                "url": "https://github.com/sponsors/sindresorhus"
            }
        },
        "node_modules/path-is-absolute": {
            "version": "1.0.1",
            "license": "MIT",
            "engines": {
                "node": ">=0.10.0"
            }
        },
        "node_modules/pet-pet-gif": {
            "version": "1.0.8",
            "license": "ISC",
            "dependencies": {
                "gifencoder": "^2.0.1",
                "lodash": "^4.17.21"
            }
        },
        "node_modules/process-nextick-args": {
            "version": "2.0.1",
            "license": "MIT"
        },
        "node_modules/readable-stream": {
            "version": "2.3.7",
            "license": "MIT",
            "dependencies": {
                "core-util-is": "~1.0.0",
                "inherits": "~2.0.3",
                "isarray": "~1.0.0",
                "process-nextick-args": "~2.0.0",
                "safe-buffer": "~5.1.1",
                "string_decoder": "~1.1.1",
                "util-deprecate": "~1.0.1"
            }
        },
        "node_modules/rimraf": {
            "version": "3.0.2",
            "license": "ISC",
            "dependencies": {
                "glob": "^7.1.3"
            },
            "bin": {
                "rimraf": "bin.js"
            },
            "funding": {
                "url": "https://github.com/sponsors/isaacs"
            }
        },
        "node_modules/safe-buffer": {
            "version": "5.1.2",
            "license": "MIT"
        },
        "node_modules/semver": {
            "version": "7.3.5",
            "license": "ISC",
            "dependencies": {
                "lru-cache": "^6.0.0"
            },
            "bin": {
                "semver": "bin/semver.js"
            },
            "engines": {
                "node": ">=10"
            }
        },
        "node_modules/set-blocking": {
            "version": "2.0.0",
            "license": "ISC"
        },
        "node_modules/signal-exit": {
            "version": "3.0.3",
            "license": "ISC"
        },
        "node_modules/simple-concat": {
            "version": "1.0.1",
            "funding": [
                {
                    "type": "github",
                    "url": "https://github.com/sponsors/feross"
                },
                {
                    "type": "patreon",
                    "url": "https://www.patreon.com/feross"
                },
                {
                    "type": "consulting",
                    "url": "https://feross.org/support"
                }
            ],
            "license": "MIT"
        },
        "node_modules/simple-get": {
            "version": "3.1.0",
            "license": "MIT",
            "dependencies": {
                "decompress-response": "^4.2.0",
                "once": "^1.3.1",
                "simple-concat": "^1.0.0"
            }
        },
        "node_modules/string_decoder": {
            "version": "1.1.1",
            "license": "MIT",
            "dependencies": {
                "safe-buffer": "~5.1.0"
            }
        },
        "node_modules/string-width": {
            "version": "1.0.2",
            "license": "MIT",
            "dependencies": {
                "code-point-at": "^1.0.0",
                "is-fullwidth-code-point": "^1.0.0",
                "strip-ansi": "^3.0.0"
            },
            "engines": {
                "node": ">=0.10.0"
            }
        },
        "node_modules/strip-ansi": {
            "version": "3.0.1",
            "license": "MIT",
            "dependencies": {
                "ansi-regex": "^2.0.0"
            },
            "engines": {
                "node": ">=0.10.0"
            }
        },
        "node_modules/tar": {
            "version": "6.1.0",
            "license": "ISC",
            "dependencies": {
                "chownr": "^2.0.0",
                "fs-minipass": "^2.0.0",
                "minipass": "^3.0.0",
                "minizlib": "^2.1.1",
                "mkdirp": "^1.0.3",
                "yallist": "^4.0.0"
            },
            "engines": {
                "node": ">= 10"
            }
        },
        "node_modules/ts-mixer": {
            "version": "6.0.0",
            "license": "MIT"
        },
        "node_modules/tslib": {
            "version": "2.3.1",
            "license": "0BSD"
        },
        "node_modules/type-fest": {
            "version": "1.4.0",
            "license": "(MIT OR CC0-1.0)",
            "engines": {
                "node": ">=10"
            },
            "funding": {
                "url": "https://github.com/sponsors/sindresorhus"
            }
        },
        "node_modules/util-deprecate": {
            "version": "1.0.2",
            "license": "MIT"
        },
        "node_modules/vali-date": {
            "version": "1.0.0",
            "license": "MIT",
            "engines": {
                "node": ">=0.10.0"
            }
        },
        "node_modules/wide-align": {
            "version": "1.1.3",
            "license": "ISC",
            "dependencies": {
                "string-width": "^1.0.2 || 2"
            }
        },
        "node_modules/wrappy": {
            "version": "1.0.2",
            "license": "ISC"
        },
        "node_modules/yallist": {
            "version": "4.0.0",
            "license": "ISC"
        },
        "node_modules/zod": {
            "version": "3.11.6",
            "license": "MIT",
            "funding": {
                "url": "https://github.com/sponsors/colinhacks"
            }
        }
    }
}
